// !$*UTF8*$!
{
	archiveVersion = 1;
	classes = {
	};
	objectVersion = 50;
	objects = {

/* Begin PBXBuildFile section */
		3E16112B21D1B1AB00CEA01E /* main.cpp in Sources */ = {isa = PBXBuildFile; fileRef = 3E16112A21D1B1AB00CEA01E /* main.cpp */; };
/* End PBXBuildFile section */

/* Begin PBXCopyFilesBuildPhase section */
		3E16112521D1B1AB00CEA01E /* CopyFiles */ = {
			isa = PBXCopyFilesBuildPhase;
			buildActionMask = 2147483647;
			dstPath = /usr/share/man/man1/;
			dstSubfolderSpec = 0;
			files = (
			);
			runOnlyForDeploymentPostprocessing = 1;
		};
/* End PBXCopyFilesBuildPhase section */

/* Begin PBXFileReference section */
		3E16112721D1B1AB00CEA01E /* LeetCode */ = {isa = PBXFileReference; explicitFileType = "compiled.mach-o.executable"; includeInIndex = 0; path = LeetCode; sourceTree = BUILT_PRODUCTS_DIR; };
		3E16112A21D1B1AB00CEA01E /* main.cpp */ = {isa = PBXFileReference; lastKnownFileType = sourcecode.cpp.cpp; path = main.cpp; sourceTree = "<group>"; };
		3E16113221D1B36B00CEA01E /* LongestSubstring.h */ = {isa = PBXFileReference; lastKnownFileType = sourcecode.c.h; path = LongestSubstring.h; sourceTree = "<group>"; };
		3E16113421D44C3500CEA01E /* CloneGraph.h */ = {isa = PBXFileReference; lastKnownFileType = sourcecode.c.h; path = CloneGraph.h; sourceTree = "<group>"; };
		3E16113621D8447500CEA01E /* SortColors.h */ = {isa = PBXFileReference; lastKnownFileType = sourcecode.c.h; path = SortColors.h; sourceTree = "<group>"; };
		3E16113821DEC5FF00CEA01E /* WordSearch.h */ = {isa = PBXFileReference; lastKnownFileType = sourcecode.c.h; path = WordSearch.h; sourceTree = "<group>"; };
		3E16113A21E0208300CEA01E /* MergeInterval.h */ = {isa = PBXFileReference; lastKnownFileType = sourcecode.c.h; path = MergeInterval.h; sourceTree = "<group>"; };
		3E16113C21E1CD0C00CEA01E /* AddParentheses.h */ = {isa = PBXFileReference; lastKnownFileType = sourcecode.c.h; path = AddParentheses.h; sourceTree = "<group>"; };
		3E16113E21E2A22B00CEA01E /* FindDuplicate.h */ = {isa = PBXFileReference; lastKnownFileType = sourcecode.c.h; path = FindDuplicate.h; sourceTree = "<group>"; };
		3E16114021E2E08000CEA01E /* IsSubsequence.h */ = {isa = PBXFileReference; lastKnownFileType = sourcecode.c.h; path = IsSubsequence.h; sourceTree = "<group>"; };
		3E16114221E5AEA000CEA01E /* PathExists.h */ = {isa = PBXFileReference; lastKnownFileType = sourcecode.c.h; path = PathExists.h; sourceTree = "<group>"; };
		3E16114421EA775200CEA01E /* MaxPointsInRange.h */ = {isa = PBXFileReference; lastKnownFileType = sourcecode.c.h; path = MaxPointsInRange.h; sourceTree = "<group>"; };
		3E41B3A721F04174004D1774 /* TwoSum.h */ = {isa = PBXFileReference; lastKnownFileType = sourcecode.c.h; path = TwoSum.h; sourceTree = "<group>"; };
/* End PBXFileReference section */

/* Begin PBXFrameworksBuildPhase section */
		3E16112421D1B1AB00CEA01E /* Frameworks */ = {
			isa = PBXFrameworksBuildPhase;
			buildActionMask = 2147483647;
			files = (
			);
			runOnlyForDeploymentPostprocessing = 0;
		};
/* End PBXFrameworksBuildPhase section */

/* Begin PBXGroup section */
		3E16111E21D1B1AB00CEA01E = {
			isa = PBXGroup;
			children = (
				3E16112921D1B1AB00CEA01E /* LeetCode */,
				3E16112821D1B1AB00CEA01E /* Products */,
			);
			sourceTree = "<group>";
		};
		3E16112821D1B1AB00CEA01E /* Products */ = {
			isa = PBXGroup;
			children = (
				3E16112721D1B1AB00CEA01E /* LeetCode */,
			);
			name = Products;
			sourceTree = "<group>";
		};
		3E16112921D1B1AB00CEA01E /* LeetCode */ = {
			isa = PBXGroup;
			children = (
				3E41B3A621F04156004D1774 /* 001_TwoSum */,
				3E16114321EA771500CEA01E /* x02_MaxPointsInRange */,
				3E16114121E5ADB700CEA01E /* x01_PathExists */,
				3E16113F21E2E05E00CEA01E /* 392_IsSubsequence */,
				3E16113D21E2A1F700CEA01E /* 287_FindDuplicate */,
				3E16113B21E1CCD800CEA01E /* 921_AddParantheses */,
				3E16113921E0205800CEA01E /* 056_MergeInterval */,
				3E16113721DEC5C200CEA01E /* 079_WordSearch */,
				3E16113521D8444B00CEA01E /* 075_SortColors */,
				3E16113321D44BFE00CEA01E /* 133_CloneGraph */,
				3E16113121D1B33C00CEA01E /* 003_LongestSubstring */,
				3E16112A21D1B1AB00CEA01E /* main.cpp */,
			);
			path = LeetCode;
			sourceTree = "<group>";
		};
		3E16113121D1B33C00CEA01E /* 003_LongestSubstring */ = {
			isa = PBXGroup;
			children = (
				3E16113221D1B36B00CEA01E /* LongestSubstring.h */,
			);
			path = 003_LongestSubstring;
			sourceTree = "<group>";
		};
		3E16113321D44BFE00CEA01E /* 133_CloneGraph */ = {
			isa = PBXGroup;
			children = (
				3E16113421D44C3500CEA01E /* CloneGraph.h */,
			);
			path = 133_CloneGraph;
			sourceTree = "<group>";
		};
		3E16113521D8444B00CEA01E /* 075_SortColors */ = {
			isa = PBXGroup;
			children = (
				3E16113621D8447500CEA01E /* SortColors.h */,
			);
			path = 075_SortColors;
			sourceTree = "<group>";
		};
		3E16113721DEC5C200CEA01E /* 079_WordSearch */ = {
			isa = PBXGroup;
			children = (
				3E16113821DEC5FF00CEA01E /* WordSearch.h */,
			);
			path = 079_WordSearch;
			sourceTree = "<group>";
		};
		3E16113921E0205800CEA01E /* 056_MergeInterval */ = {
			isa = PBXGroup;
			children = (
				3E16113A21E0208300CEA01E /* MergeInterval.h */,
			);
			path = 056_MergeInterval;
			sourceTree = "<group>";
		};
		3E16113B21E1CCD800CEA01E /* 921_AddParantheses */ = {
			isa = PBXGroup;
			children = (
				3E16113C21E1CD0C00CEA01E /* AddParentheses.h */,
			);
			path = 921_AddParantheses;
			sourceTree = "<group>";
		};
		3E16113D21E2A1F700CEA01E /* 287_FindDuplicate */ = {
			isa = PBXGroup;
			children = (
				3E16113E21E2A22B00CEA01E /* FindDuplicate.h */,
			);
			path = 287_FindDuplicate;
			sourceTree = "<group>";
		};
		3E16113F21E2E05E00CEA01E /* 392_IsSubsequence */ = {
			isa = PBXGroup;
			children = (
				3E16114021E2E08000CEA01E /* IsSubsequence.h */,
			);
			path = 392_IsSubsequence;
			sourceTree = "<group>";
		};
		3E16114121E5ADB700CEA01E /* x01_PathExists */ = {
			isa = PBXGroup;
			children = (
				3E16114221E5AEA000CEA01E /* PathExists.h */,
			);
			path = x01_PathExists;
			sourceTree = "<group>";
		};
		3E16114321EA771500CEA01E /* x02_MaxPointsInRange */ = {
			isa = PBXGroup;
			children = (
				3E16114421EA775200CEA01E /* MaxPointsInRange.h */,
			);
			path = x02_MaxPointsInRange;
			sourceTree = "<group>";
		};
		3E41B3A621F04156004D1774 /* 001_TwoSum */ = {
			isa = PBXGroup;
			children = (
				3E41B3A721F04174004D1774 /* TwoSum.h */,
			);
			path = 001_TwoSum;
			sourceTree = "<group>";
		};
/* End PBXGroup section */

/* Begin PBXNativeTarget section */
		3E16112621D1B1AB00CEA01E /* LeetCode */ = {
			isa = PBXNativeTarget;
			buildConfigurationList = 3E16112E21D1B1AB00CEA01E /* Build configuration list for PBXNativeTarget "LeetCode" */;
			buildPhases = (
				3E16112321D1B1AB00CEA01E /* Sources */,
				3E16112421D1B1AB00CEA01E /* Frameworks */,
				3E16112521D1B1AB00CEA01E /* CopyFiles */,
			);
			buildRules = (
			);
			dependencies = (
			);
			name = LeetCode;
			productName = LeetCode;
			productReference = 3E16112721D1B1AB00CEA01E /* LeetCode */;
			productType = "com.apple.product-type.tool";
		};
/* End PBXNativeTarget section */

/* Begin PBXProject section */
		3E16111F21D1B1AB00CEA01E /* Project object */ = {
			isa = PBXProject;
			attributes = {
				LastUpgradeCheck = 1010;
				ORGANIZATIONNAME = Linfinity;
				TargetAttributes = {
					3E16112621D1B1AB00CEA01E = {
						CreatedOnToolsVersion = 10.1;
					};
				};
			};
			buildConfigurationList = 3E16112221D1B1AB00CEA01E /* Build configuration list for PBXProject "LeetCode" */;
			compatibilityVersion = "Xcode 9.3";
			developmentRegion = en;
			hasScannedForEncodings = 0;
			knownRegions = (
				en,
			);
			mainGroup = 3E16111E21D1B1AB00CEA01E;
			productRefGroup = 3E16112821D1B1AB00CEA01E /* Products */;
			projectDirPath = "";
			projectRoot = "";
			targets = (
				3E16112621D1B1AB00CEA01E /* LeetCode */,
			);
		};
/* End PBXProject section */

/* Begin PBXSourcesBuildPhase section */
		3E16112321D1B1AB00CEA01E /* Sources */ = {
			isa = PBXSourcesBuildPhase;
			buildActionMask = 2147483647;
			files = (
				3E16112B21D1B1AB00CEA01E /* main.cpp in Sources */,
			);
			runOnlyForDeploymentPostprocessing = 0;
		};
/* End PBXSourcesBuildPhase section */

/* Begin XCBuildConfiguration section */
		3E16112C21D1B1AB00CEA01E /* Debug */ = {
			isa = XCBuildConfiguration;
			buildSettings = {
				ALWAYS_SEARCH_USER_PATHS = NO;
				CLANG_ANALYZER_NONNULL = YES;
				CLANG_ANALYZER_NUMBER_OBJECT_CONVERSION = YES_AGGRESSIVE;
				CLANG_CXX_LANGUAGE_STANDARD = "gnu++14";
				CLANG_CXX_LIBRARY = "libc++";
				CLANG_ENABLE_MODULES = YES;
				CLANG_ENABLE_OBJC_ARC = YES;
				CLANG_ENABLE_OBJC_WEAK = YES;
				CLANG_WARN_BLOCK_CAPTURE_AUTORELEASING = YES;
				CLANG_WARN_BOOL_CONVERSION = YES;
				CLANG_WARN_COMMA = YES;
				CLANG_WARN_CONSTANT_CONVERSION = YES;
				CLANG_WARN_DEPRECATED_OBJC_IMPLEMENTATIONS = YES;
				CLANG_WARN_DIRECT_OBJC_ISA_USAGE = YES_ERROR;
				CLANG_WARN_DOCUMENTATION_COMMENTS = YES;
				CLANG_WARN_EMPTY_BODY = YES;
				CLANG_WARN_ENUM_CONVERSION = YES;
				CLANG_WARN_INFINITE_RECURSION = YES;
				CLANG_WARN_INT_CONVERSION = YES;
				CLANG_WARN_NON_LITERAL_NULL_CONVERSION = YES;
				CLANG_WARN_OBJC_IMPLICIT_RETAIN_SELF = YES;
				CLANG_WARN_OBJC_LITERAL_CONVERSION = YES;
				CLANG_WARN_OBJC_ROOT_CLASS = YES_ERROR;
				CLANG_WARN_RANGE_LOOP_ANALYSIS = YES;
				CLANG_WARN_STRICT_PROTOTYPES = YES;
				CLANG_WARN_SUSPICIOUS_MOVE = YES;
				CLANG_WARN_UNGUARDED_AVAILABILITY = YES_AGGRESSIVE;
				CLANG_WARN_UNREACHABLE_CODE = YES;
				CLANG_WARN__DUPLICATE_METHOD_MATCH = YES;
				CODE_SIGN_IDENTITY = "Mac Developer";
				COPY_PHASE_STRIP = NO;
				DEBUG_INFORMATION_FORMAT = dwarf;
				ENABLE_STRICT_OBJC_MSGSEND = YES;
				ENABLE_TESTABILITY = YES;
				GCC_C_LANGUAGE_STANDARD = gnu11;
				GCC_DYNAMIC_NO_PIC = NO;
				GCC_NO_COMMON_BLOCKS = YES;
				GCC_OPTIMIZATION_LEVEL = 0;
				GCC_PREPROCESSOR_DEFINITIONS = (
					"DEBUG=1",
					"$(inherited)",
				);
				GCC_WARN_64_TO_32_BIT_CONVERSION = YES;
				GCC_WARN_ABOUT_RETURN_TYPE = YES_ERROR;
				GCC_WARN_UNDECLARED_SELECTOR = YES;
				GCC_WARN_UNINITIALIZED_AUTOS = YES_AGGRESSIVE;
				GCC_WARN_UNUSED_FUNCTION = YES;
				GCC_WARN_UNUSED_VARIABLE = YES;
				MACOSX_DEPLOYMENT_TARGET = 10.14;
				MTL_ENABLE_DEBUG_INFO = INCLUDE_SOURCE;
				MTL_FAST_MATH = YES;
				ONLY_ACTIVE_ARCH = YES;
				SDKROOT = macosx;
			};
			name = Debug;
		};
		3E16112D21D1B1AB00CEA01E /* Release */ = {
			isa = XCBuildConfiguration;
			buildSettings = {
				ALWAYS_SEARCH_USER_PATHS = NO;
				CLANG_ANALYZER_NONNULL = YES;
				CLANG_ANALYZER_NUMBER_OBJECT_CONVERSION = YES_AGGRESSIVE;
				CLANG_CXX_LANGUAGE_STANDARD = "gnu++14";
				CLANG_CXX_LIBRARY = "libc++";
				CLANG_ENABLE_MODULES = YES;
				CLANG_ENABLE_OBJC_ARC = YES;
				CLANG_ENABLE_OBJC_WEAK = YES;
				CLANG_WARN_BLOCK_CAPTURE_AUTORELEASING = YES;
				CLANG_WARN_BOOL_CONVERSION = YES;
				CLANG_WARN_COMMA = YES;
				CLANG_WARN_CONSTANT_CONVERSION = YES;
				CLANG_WARN_DEPRECATED_OBJC_IMPLEMENTATIONS = YES;
				CLANG_WARN_DIRECT_OBJC_ISA_USAGE = YES_ERROR;
				CLANG_WARN_DOCUMENTATION_COMMENTS = YES;
				CLANG_WARN_EMPTY_BODY = YES;
				CLANG_WARN_ENUM_CONVERSION = YES;
				CLANG_WARN_INFINITE_RECURSION = YES;
				CLANG_WARN_INT_CONVERSION = YES;
				CLANG_WARN_NON_LITERAL_NULL_CONVERSION = YES;
				CLANG_WARN_OBJC_IMPLICIT_RETAIN_SELF = YES;
				CLANG_WARN_OBJC_LITERAL_CONVERSION = YES;
				CLANG_WARN_OBJC_ROOT_CLASS = YES_ERROR;
				CLANG_WARN_RANGE_LOOP_ANALYSIS = YES;
				CLANG_WARN_STRICT_PROTOTYPES = YES;
				CLANG_WARN_SUSPICIOUS_MOVE = YES;
				CLANG_WARN_UNGUARDED_AVAILABILITY = YES_AGGRESSIVE;
				CLANG_WARN_UNREACHABLE_CODE = YES;
				CLANG_WARN__DUPLICATE_METHOD_MATCH = YES;
				CODE_SIGN_IDENTITY = "Mac Developer";
				COPY_PHASE_STRIP = NO;
				DEBUG_INFORMATION_FORMAT = "dwarf-with-dsym";
				ENABLE_NS_ASSERTIONS = NO;
				ENABLE_STRICT_OBJC_MSGSEND = YES;
				GCC_C_LANGUAGE_STANDARD = gnu11;
				GCC_NO_COMMON_BLOCKS = YES;
				GCC_WARN_64_TO_32_BIT_CONVERSION = YES;
				GCC_WARN_ABOUT_RETURN_TYPE = YES_ERROR;
				GCC_WARN_UNDECLARED_SELECTOR = YES;
				GCC_WARN_UNINITIALIZED_AUTOS = YES_AGGRESSIVE;
				GCC_WARN_UNUSED_FUNCTION = YES;
				GCC_WARN_UNUSED_VARIABLE = YES;
				MACOSX_DEPLOYMENT_TARGET = 10.14;
				MTL_ENABLE_DEBUG_INFO = NO;
				MTL_FAST_MATH = YES;
				SDKROOT = macosx;
			};
			name = Release;
		};
		3E16112F21D1B1AB00CEA01E /* Debug */ = {
			isa = XCBuildConfiguration;
			buildSettings = {
				CLANG_CXX_LANGUAGE_STANDARD = "c++17";
				CODE_SIGN_STYLE = Automatic;
				DEVELOPMENT_TEAM = G98G99G5UW;
				PRODUCT_NAME = "$(TARGET_NAME)";
			};
			name = Debug;
		};
		3E16113021D1B1AB00CEA01E /* Release */ = {
			isa = XCBuildConfiguration;
			buildSettings = {
				CLANG_CXX_LANGUAGE_STANDARD = "c++17";
				CODE_SIGN_STYLE = Automatic;
				DEVELOPMENT_TEAM = G98G99G5UW;
				PRODUCT_NAME = "$(TARGET_NAME)";
			};
			name = Release;
		};
/* End XCBuildConfiguration section */

/* Begin XCConfigurationList section */
		3E16112221D1B1AB00CEA01E /* Build configuration list for PBXProject "LeetCode" */ = {
			isa = XCConfigurationList;
			buildConfigurations = (
				3E16112C21D1B1AB00CEA01E /* Debug */,
				3E16112D21D1B1AB00CEA01E /* Release */,
			);
			defaultConfigurationIsVisible = 0;
			defaultConfigurationName = Release;
		};
		3E16112E21D1B1AB00CEA01E /* Build configuration list for PBXNativeTarget "LeetCode" */ = {
			isa = XCConfigurationList;
			buildConfigurations = (
				3E16112F21D1B1AB00CEA01E /* Debug */,
				3E16113021D1B1AB00CEA01E /* Release */,
			);
			defaultConfigurationIsVisible = 0;
			defaultConfigurationName = Release;
		};
/* End XCConfigurationList section */
	};
	rootObject = 3E16111F21D1B1AB00CEA01E /* Project object */;
}
